// !$*UTF8*$!
{
	archiveVersion = 1;
	classes = {
	};
	objectVersion = 46;
	objects = {

/* Begin PBXBuildFile section */
		C99D70F51AC9F263001092E4 /* AppDelegate.swift in Sources */ = {isa = PBXBuildFile; fileRef = C99D70F41AC9F263001092E4 /* AppDelegate.swift */; };
		C99D70F71AC9F263001092E4 /* ViewController.swift in Sources */ = {isa = PBXBuildFile; fileRef = C99D70F61AC9F263001092E4 /* ViewController.swift */; };
		C99D70FA1AC9F263001092E4 /* Main.storyboard in Resources */ = {isa = PBXBuildFile; fileRef = C99D70F81AC9F263001092E4 /* Main.storyboard */; };
		C99D70FC1AC9F263001092E4 /* Images.xcassets in Resources */ = {isa = PBXBuildFile; fileRef = C99D70FB1AC9F263001092E4 /* Images.xcassets */; };
		C99D70FF1AC9F264001092E4 /* LaunchScreen.xib in Resources */ = {isa = PBXBuildFile; fileRef = C99D70FD1AC9F264001092E4 /* LaunchScreen.xib */; };
		C99D710B1AC9F264001092E4 /* f4sffTests.swift in Sources */ = {isa = PBXBuildFile; fileRef = C99D710A1AC9F264001092E4 /* f4sffTests.swift */; };
/* End PBXBuildFile section */

/* Begin PBXContainerItemProxy section */
		C99D71051AC9F264001092E4 /* PBXContainerItemProxy */ = {
			isa = PBXContainerItemProxy;
			containerPortal = C99D70E71AC9F263001092E4 /* Project object */;
			proxyType = 1;
			remoteGlobalIDString = C99D70EE1AC9F263001092E4;
			remoteInfo = f4sff;
		};
/* End PBXContainerItemProxy section */

/* Begin PBXFileReference section */
		C99D70EF1AC9F263001092E4 /* f4sff.app */ = {isa = PBXFileReference; explicitFileType = wrapper.application; includeInIndex = 0; path = f4sff.app; sourceTree = BUILT_PRODUCTS_DIR; };
		C99D70F31AC9F263001092E4 /* Info.plist */ = {isa = PBXFileReference; lastKnownFileType = text.plist.xml; path = Info.plist; sourceTree = "<group>"; };
		C99D70F41AC9F263001092E4 /* AppDelegate.swift */ = {isa = PBXFileReference; lastKnownFileType = sourcecode.swift; path = AppDelegate.swift; sourceTree = "<group>"; };
		C99D70F61AC9F263001092E4 /* ViewController.swift */ = {isa = PBXFileReference; lastKnownFileType = sourcecode.swift; path = ViewController.swift; sourceTree = "<group>"; };
		C99D70F91AC9F263001092E4 /* Base */ = {isa = PBXFileReference; lastKnownFileType = file.storyboard; name = Base; path = Base.lproj/Main.storyboard; sourceTree = "<group>"; };
		C99D70FB1AC9F263001092E4 /* Images.xcassets */ = {isa = PBXFileReference; lastKnownFileType = folder.assetcatalog; path = Images.xcassets; sourceTree = "<group>"; };
		C99D70FE1AC9F264001092E4 /* Base */ = {isa = PBXFileReference; lastKnownFileType = file.xib; name = Base; path = Base.lproj/LaunchScreen.xib; sourceTree = "<group>"; };
		C99D71041AC9F264001092E4 /* f4sffTests.xctest */ = {isa = PBXFileReference; explicitFileType = wrapper.cfbundle; includeInIndex = 0; path = f4sffTests.xctest; sourceTree = BUILT_PRODUCTS_DIR; };
		C99D71091AC9F264001092E4 /* Info.plist */ = {isa = PBXFileReference; lastKnownFileType = text.plist.xml; path = Info.plist; sourceTree = "<group>"; };
		C99D710A1AC9F264001092E4 /* f4sffTests.swift */ = {isa = PBXFileReference; lastKnownFileType = sourcecode.swift; path = f4sffTests.swift; sourceTree = "<group>"; };
/* End PBXFileReference section */

/* Begin PBXFrameworksBuildPhase section */
		C99D70EC1AC9F263001092E4 /* Frameworks */ = {
			isa = PBXFrameworksBuildPhase;
			buildActionMask = 2147483647;
			files = (
			);
			runOnlyForDeploymentPostprocessing = 0;
		};
		C99D71011AC9F264001092E4 /* Frameworks */ = {
			isa = PBXFrameworksBuildPhase;
			buildActionMask = 2147483647;
			files = (
			);
			runOnlyForDeploymentPostprocessing = 0;
		};
/* End PBXFrameworksBuildPhase section */

/* Begin PBXGroup section */
		C99D70E61AC9F263001092E4 = {
			isa = PBXGroup;
			children = (
				C99D70F11AC9F263001092E4 /* f4sff */,
				C99D71071AC9F264001092E4 /* f4sffTests */,
				C99D70F01AC9F263001092E4 /* Products */,
			);
			sourceTree = "<group>";
		};
		C99D70F01AC9F263001092E4 /* Products */ = {
			isa = PBXGroup;
			children = (
				C99D70EF1AC9F263001092E4 /* f4sff.app */,
				C99D71041AC9F264001092E4 /* f4sffTests.xctest */,
			);
			name = Products;
			sourceTree = "<group>";
		};
		C99D70F11AC9F263001092E4 /* f4sff */ = {
			isa = PBXGroup;
			children = (
				C99D70F41AC9F263001092E4 /* AppDelegate.swift */,
				C99D70F61AC9F263001092E4 /* ViewController.swift */,
				C99D70F81AC9F263001092E4 /* Main.storyboard */,
				C99D70FB1AC9F263001092E4 /* Images.xcassets */,
				C99D70FD1AC9F264001092E4 /* LaunchScreen.xib */,
				C99D70F21AC9F263001092E4 /* Supporting Files */,
			);
			path = f4sff;
			sourceTree = "<group>";
		};
		C99D70F21AC9F263001092E4 /* Supporting Files */ = {
			isa = PBXGroup;
			children = (
				C99D70F31AC9F263001092E4 /* Info.plist */,
			);
			name = "Supporting Files";
			sourceTree = "<group>";
		};
		C99D71071AC9F264001092E4 /* f4sffTests */ = {
			isa = PBXGroup;
			children = (
				C99D710A1AC9F264001092E4 /* f4sffTests.swift */,
				C99D71081AC9F264001092E4 /* Supporting Files */,
			);
			path = f4sffTests;
			sourceTree = "<group>";
		};
		C99D71081AC9F264001092E4 /* Supporting Files */ = {
			isa = PBXGroup;
			children = (
				C99D71091AC9F264001092E4 /* Info.plist */,
			);
			name = "Supporting Files";
			sourceTree = "<group>";
		};
/* End PBXGroup section */

/* Begin PBXNativeTarget section */
		C99D70EE1AC9F263001092E4 /* f4sff */ = {
			isa = PBXNativeTarget;
			buildConfigurationList = C99D710E1AC9F264001092E4 /* Build configuration list for PBXNativeTarget "f4sff" */;
			buildPhases = (
				C99D70EB1AC9F263001092E4 /* Sources */,
				C99D70EC1AC9F263001092E4 /* Frameworks */,
				C99D70ED1AC9F263001092E4 /* Resources */,
			);
			buildRules = (
			);
			dependencies = (
			);
			name = f4sff;
			productName = f4sff;
			productReference = C99D70EF1AC9F263001092E4 /* f4sff.app */;
			productType = "com.apple.product-type.application";
		};
		C99D71031AC9F264001092E4 /* f4sffTests */ = {
			isa = PBXNativeTarget;
			buildConfigurationList = C99D71111AC9F264001092E4 /* Build configuration list for PBXNativeTarget "f4sffTests" */;
			buildPhases = (
				C99D71001AC9F264001092E4 /* Sources */,
				C99D71011AC9F264001092E4 /* Frameworks */,
				C99D71021AC9F264001092E4 /* Resources */,
			);
			buildRules = (
			);
			dependencies = (
				C99D71061AC9F264001092E4 /* PBXTargetDependency */,
			);
			name = f4sffTests;
			productName = f4sffTests;
			productReference = C99D71041AC9F264001092E4 /* f4sffTests.xctest */;
			productType = "com.apple.product-type.bundle.unit-test";
		};
/* End PBXNativeTarget section */

/* Begin PBXProject section */
		C99D70E71AC9F263001092E4 /* Project object */ = {
			isa = PBXProject;
			attributes = {
				LastUpgradeCheck = 0630;
				ORGANIZATIONNAME = Prenezsoft;
				TargetAttributes = {
					C99D70EE1AC9F263001092E4 = {
						CreatedOnToolsVersion = 6.3;
					};
					C99D71031AC9F264001092E4 = {
						CreatedOnToolsVersion = 6.3;
						TestTargetID = C99D70EE1AC9F263001092E4;
					};
				};
			};
			buildConfigurationList = C99D70EA1AC9F263001092E4 /* Build configuration list for PBXProject "f4sff" */;
			compatibilityVersion = "Xcode 3.2";
			developmentRegion = English;
			hasScannedForEncodings = 0;
			knownRegions = (
				en,
				Base,
			);
			mainGroup = C99D70E61AC9F263001092E4;
			productRefGroup = C99D70F01AC9F263001092E4 /* Products */;
			projectDirPath = "";
			projectRoot = "";
			targets = (
				C99D70EE1AC9F263001092E4 /* f4sff */,
				C99D71031AC9F264001092E4 /* f4sffTests */,
			);
		};
/* End PBXProject section */

/* Begin PBXResourcesBuildPhase section */
		C99D70ED1AC9F263001092E4 /* Resources */ = {
			isa = PBXResourcesBuildPhase;
			buildActionMask = 2147483647;
			files = (
				C99D70FA1AC9F263001092E4 /* Main.storyboard in Resources */,
				C99D70FF1AC9F264001092E4 /* LaunchScreen.xib in Resources */,
				C99D70FC1AC9F263001092E4 /* Images.xcassets in Resources */,
			);
			runOnlyForDeploymentPostprocessing = 0;
		};
		C99D71021AC9F264001092E4 /* Resources */ = {
			isa = PBXResourcesBuildPhase;
			buildActionMask = 2147483647;
			files = (
			);
			runOnlyForDeploymentPostprocessing = 0;
		};
/* End PBXResourcesBuildPhase section */

/* Begin PBXSourcesBuildPhase section */
		C99D70EB1AC9F263001092E4 /* Sources */ = {
			isa = PBXSourcesBuildPhase;
			buildActionMask = 2147483647;
			files = (
				C99D70F71AC9F263001092E4 /* ViewController.swift in Sources */,
				C99D70F51AC9F263001092E4 /* AppDelegate.swift in Sources */,
			);
			runOnlyForDeploymentPostprocessing = 0;
		};
		C99D71001AC9F264001092E4 /* Sources */ = {
			isa = PBXSourcesBuildPhase;
			buildActionMask = 2147483647;
			files = (
				C99D710B1AC9F264001092E4 /* f4sffTests.swift in Sources */,
			);
			runOnlyForDeploymentPostprocessing = 0;
		};
/* End PBXSourcesBuildPhase section */

/* Begin PBXTargetDependency section */
		C99D71061AC9F264001092E4 /* PBXTargetDependency */ = {
			isa = PBXTargetDependency;
			target = C99D70EE1AC9F263001092E4 /* f4sff */;
			targetProxy = C99D71051AC9F264001092E4 /* PBXContainerItemProxy */;
		};
/* End PBXTargetDependency section */

/* Begin PBXVariantGroup section */
		C99D70F81AC9F263001092E4 /* Main.storyboard */ = {
			isa = PBXVariantGroup;
			children = (
				C99D70F91AC9F263001092E4 /* Base */,
			);
			name = Main.storyboard;
			sourceTree = "<group>";
		};
		C99D70FD1AC9F264001092E4 /* LaunchScreen.xib */ = {
			isa = PBXVariantGroup;
			children = (
				C99D70FE1AC9F264001092E4 /* Base */,
			);
			name = LaunchScreen.xib;
			sourceTree = "<group>";
		};
/* End PBXVariantGroup section */

/* Begin XCBuildConfiguration section */
		C99D710C1AC9F264001092E4 /* Debug */ = {
			isa = XCBuildConfiguration;
			buildSettings = {
				ALWAYS_SEARCH_USER_PATHS = NO;
				CLANG_CXX_LANGUAGE_STANDARD = "gnu++0x";
				CLANG_CXX_LIBRARY = "libc++";
				CLANG_ENABLE_MODULES = YES;
				CLANG_ENABLE_OBJC_ARC = YES;
				CLANG_WARN_BOOL_CONVERSION = YES;
				CLANG_WARN_CONSTANT_CONVERSION = YES;
				CLANG_WARN_DIRECT_OBJC_ISA_USAGE = YES_ERROR;
				CLANG_WARN_EMPTY_BODY = YES;
				CLANG_WARN_ENUM_CONVERSION = YES;
				CLANG_WARN_INT_CONVERSION = YES;
				CLANG_WARN_OBJC_ROOT_CLASS = YES_ERROR;
				CLANG_WARN_UNREACHABLE_CODE = YES;
				CLANG_WARN__DUPLICATE_METHOD_MATCH = YES;
				"CODE_SIGN_IDENTITY[sdk=iphoneos*]" = "iPhone Developer";
				COPY_PHASE_STRIP = NO;
				DEBUG_INFORMATION_FORMAT = dwarf;
				ENABLE_STRICT_OBJC_MSGSEND = YES;
				GCC_C_LANGUAGE_STANDARD = gnu99;
				GCC_DYNAMIC_NO_PIC = NO;
				GCC_NO_COMMON_BLOCKS = YES;
				GCC_OPTIMIZATION_LEVEL = 0;
				GCC_PREPROCESSOR_DEFINITIONS = (
					"DEBUG=1",
					"$(inherited)",
				);
				GCC_SYMBOLS_PRIVATE_EXTERN = NO;
				GCC_WARN_64_TO_32_BIT_CONVERSION = YES;
				GCC_WARN_ABOUT_RETURN_TYPE = YES_ERROR;
				GCC_WARN_UNDECLARED_SELECTOR = YES;
				GCC_WARN_UNINITIALIZED_AUTOS = YES_AGGRESSIVE;
				GCC_WARN_UNUSED_FUNCTION = YES;
				GCC_WARN_UNUSED_VARIABLE = YES;
				IPHONEOS_DEPLOYMENT_TARGET = 8.3;
				MTL_ENABLE_DEBUG_INFO = YES;
				ONLY_ACTIVE_ARCH = YES;
				SDKROOT = iphoneos;
				SWIFT_OPTIMIZATION_LEVEL = "-Onone";
			};
			name = Debug;
		};
		C99D710D1AC9F264001092E4 /* Release */ = {
			isa = XCBuildConfiguration;
			buildSettings = {
				ALWAYS_SEARCH_USER_PATHS = NO;
				CLANG_CXX_LANGUAGE_STANDARD = "gnu++0x";
				CLANG_CXX_LIBRARY = "libc++";
				CLANG_ENABLE_MODULES = YES;
				CLANG_ENABLE_OBJC_ARC = YES;
				CLANG_WARN_BOOL_CONVERSION = YES;
				CLANG_WARN_CONSTANT_CONVERSION = YES;
				CLANG_WARN_DIRECT_OBJC_ISA_USAGE = YES_ERROR;
				CLANG_WARN_EMPTY_BODY = YES;
				CLANG_WARN_ENUM_CONVERSION = YES;
				CLANG_WARN_INT_CONVERSION = YES;
				CLANG_WARN_OBJC_ROOT_CLASS = YES_ERROR;
				CLANG_WARN_UNREACHABLE_CODE = YES;
				CLANG_WARN__DUPLICATE_METHOD_MATCH = YES;
				"CODE_SIGN_IDENTITY[sdk=iphoneos*]" = "iPhone Developer";
				COPY_PHASE_STRIP = NO;
				DEBUG_INFORMATION_FORMAT = "dwarf-with-dsym";
				ENABLE_NS_ASSERTIONS = NO;
				ENABLE_STRICT_OBJC_MSGSEND = YES;
				GCC_C_LANGUAGE_STANDARD = gnu99;
				GCC_NO_COMMON_BLOCKS = YES;
				GCC_WARN_64_TO_32_BIT_CONVERSION = YES;
				GCC_WARN_ABOUT_RETURN_TYPE = YES_ERROR;
				GCC_WARN_UNDECLARED_SELECTOR = YES;
				GCC_WARN_UNINITIALIZED_AUTOS = YES_AGGRESSIVE;
				GCC_WARN_UNUSED_FUNCTION = YES;
				GCC_WARN_UNUSED_VARIABLE = YES;
				IPHONEOS_DEPLOYMENT_TARGET = 8.3;
				MTL_ENABLE_DEBUG_INFO = NO;
				SDKROOT = iphoneos;
				VALIDATE_PRODUCT = YES;
			};
			name = Release;
		};
		C99D710F1AC9F264001092E4 /* Debug */ = {
			isa = XCBuildConfiguration;
			buildSettings = {
				ASSETCATALOG_COMPILER_APPICON_NAME = AppIcon;
				INFOPLIST_FILE = f4sff/Info.plist;
				LD_RUNPATH_SEARCH_PATHS = "$(inherited) @executable_path/Frameworks";
				PRODUCT_NAME = "$(TARGET_NAME)";
			};
			name = Debug;
		};
		C99D71101AC9F264001092E4 /* Release */ = {
			isa = XCBuildConfiguration;
			buildSettings = {
				ASSETCATALOG_COMPILER_APPICON_NAME = AppIcon;
				INFOPLIST_FILE = f4sff/Info.plist;
				LD_RUNPATH_SEARCH_PATHS = "$(inherited) @executable_path/Frameworks";
				PRODUCT_NAME = "$(TARGET_NAME)";
			};
			name = Release;
		};
		C99D71121AC9F264001092E4 /* Debug */ = {
			isa = XCBuildConfiguration;
			buildSettings = {
				BUNDLE_LOADER = "$(TEST_HOST)";
				FRAMEWORK_SEARCH_PATHS = (
					"$(SDKROOT)/Developer/Library/Frameworks",
					"$(inherited)",
				);
				GCC_PREPROCESSOR_DEFINITIONS = (
					"DEBUG=1",
					"$(inherited)",
				);
				INFOPLIST_FILE = f4sffTests/Info.plist;
				LD_RUNPATH_SEARCH_PATHS = "$(inherited) @executable_path/Frameworks @loader_path/Frameworks";
				PRODUCT_NAME = "$(TARGET_NAME)";
				TEST_HOST = "$(BUILT_PRODUCTS_DIR)/f4sff.app/f4sff";
			};
			name = Debug;
		};
		C99D71131AC9F264001092E4 /* Release */ = {
			isa = XCBuildConfiguration;
			buildSettings = {
				BUNDLE_LOADER = "$(TEST_HOST)";
				FRAMEWORK_SEARCH_PATHS = (
					"$(SDKROOT)/Developer/Library/Frameworks",
					"$(inherited)",
				);
				INFOPLIST_FILE = f4sffTests/Info.plist;
				LD_RUNPATH_SEARCH_PATHS = "$(inherited) @executable_path/Frameworks @loader_path/Frameworks";
				PRODUCT_NAME = "$(TARGET_NAME)";
				TEST_HOST = "$(BUILT_PRODUCTS_DIR)/f4sff.app/f4sff";
			};
			name = Release;
		};
/* End XCBuildConfiguration section */

/* Begin XCConfigurationList section */
		C99D70EA1AC9F263001092E4 /* Build configuration list for PBXProject "f4sff" */ = {
			isa = XCConfigurationList;
			buildConfigurations = (
				C99D710C1AC9F264001092E4 /* Debug */,
				C99D710D1AC9F264001092E4 /* Release */,
			);
			defaultConfigurationIsVisible = 0;
			defaultConfigurationName = Release;
		};
		C99D710E1AC9F264001092E4 /* Build configuration list for PBXNativeTarget "f4sff" */ = {
			isa = XCConfigurationList;
			buildConfigurations = (
				C99D710F1AC9F264001092E4 /* Debug */,
				C99D71101AC9F264001092E4 /* Release */,
			);
			defaultConfigurationIsVisible = 0;
		};
		C99D71111AC9F264001092E4 /* Build configuration list for PBXNativeTarget "f4sffTests" */ = {
			isa = XCConfigurationList;
			buildConfigurations = (
				C99D71121AC9F264001092E4 /* Debug */,
				C99D71131AC9F264001092E4 /* Release */,
			);
			defaultConfigurationIsVisible = 0;
		};
/* End XCConfigurationList section */
	};
	rootObject = C99D70E71AC9F263001092E4 /* Project object */;
}
